
Microsoft Visual Studio Solution File, Format Version 11.00
# Visual Studio 2010
Project("{FAE04EC0-301F-11D3-BF4B-00C04F79EFBC}") = "WcfChatPost", "WcfChatPost\WcfChatPost.csproj", "{0BD7C8B4-D6EC-4EAD-A2B6-E5D6BA03F0BB}"
EndProject
Project("{FAE04EC0-301F-11D3-BF4B-00C04F79EFBC}") = "ChatServer", "ChatServer\ChatServer.csproj", "{8305B3B5-B489-45EF-83EA-F9F828428691}"
EndProject
Project("{FAE04EC0-301F-11D3-BF4B-00C04F79EFBC}") = "ChatClient", "ChatClient\ChatClient.csproj", "{53C469D6-6D80-49A1-B63C-363553FFFDFF}"
EndProject
Global
	GlobalSection(SolutionConfigurationPlatforms) = preSolution
		Debug|Any CPU = Debug|Any CPU
		Debug|Mixed Platforms = Debug|Mixed Platforms
		Debug|x86 = Debug|x86
		Release|Any CPU = Release|Any CPU
		Release|Mixed Platforms = Release|Mixed Platforms
		Release|x86 = Release|x86
	EndGlobalSection
	GlobalSection(ProjectConfigurationPlatforms) = postSolution
		{0BD7C8B4-D6EC-4EAD-A2B6-E5D6BA03F0BB}.Debug|Any CPU.ActiveCfg = Debug|Any CPU
		{0BD7C8B4-D6EC-4EAD-A2B6-E5D6BA03F0BB}.Debug|Any CPU.Build.0 = Debug|Any CPU
		{0BD7C8B4-D6EC-4EAD-A2B6-E5D6BA03F0BB}.Debug|Mixed Platforms.ActiveCfg = Debug|Any CPU
		{0BD7C8B4-D6EC-4EAD-A2B6-E5D6BA03F0BB}.Debug|Mixed Platforms.Build.0 = Debug|Any CPU
		{0BD7C8B4-D6EC-4EAD-A2B6-E5D6BA03F0BB}.Debug|x86.ActiveCfg = Debug|Any CPU
		{0BD7C8B4-D6EC-4EAD-A2B6-E5D6BA03F0BB}.Release|Any CPU.ActiveCfg = Release|Any CPU
		{0BD7C8B4-D6EC-4EAD-A2B6-E5D6BA03F0BB}.Release|Any CPU.Build.0 = Release|Any CPU
		{0BD7C8B4-D6EC-4EAD-A2B6-E5D6BA03F0BB}.Release|Mixed Platforms.ActiveCfg = Release|Any CPU
		{0BD7C8B4-D6EC-4EAD-A2B6-E5D6BA03F0BB}.Release|Mixed Platforms.Build.0 = Release|Any CPU
		{0BD7C8B4-D6EC-4EAD-A2B6-E5D6BA03F0BB}.Release|x86.ActiveCfg = Release|Any CPU
		{8305B3B5-B489-45EF-83EA-F9F828428691}.Debug|Any CPU.ActiveCfg = Debug|x86
		{8305B3B5-B489-45EF-83EA-F9F828428691}.Debug|Mixed Platforms.ActiveCfg = Debug|x86
		{8305B3B5-B489-45EF-83EA-F9F828428691}.Debug|Mixed Platforms.Build.0 = Debug|x86
		{8305B3B5-B489-45EF-83EA-F9F828428691}.Debug|x86.ActiveCfg = Debug|x86
		{8305B3B5-B489-45EF-83EA-F9F828428691}.Debug|x86.Build.0 = Debug|x86
		{8305B3B5-B489-45EF-83EA-F9F828428691}.Release|Any CPU.ActiveCfg = Release|x86
		{8305B3B5-B489-45EF-83EA-F9F828428691}.Release|Mixed Platforms.ActiveCfg = Release|x86
		{8305B3B5-B489-45EF-83EA-F9F828428691}.Release|Mixed Platforms.Build.0 = Release|x86
		{8305B3B5-B489-45EF-83EA-F9F828428691}.Release|x86.ActiveCfg = Release|x86
		{8305B3B5-B489-45EF-83EA-F9F828428691}.Release|x86.Build.0 = Release|x86
		{53C469D6-6D80-49A1-B63C-363553FFFDFF}.Debug|Any CPU.ActiveCfg = Debug|x86
		{53C469D6-6D80-49A1-B63C-363553FFFDFF}.Debug|Mixed Platforms.ActiveCfg = Debug|x86
		{53C469D6-6D80-49A1-B63C-363553FFFDFF}.Debug|Mixed Platforms.Build.0 = Debug|x86
		{53C469D6-6D80-49A1-B63C-363553FFFDFF}.Debug|x86.ActiveCfg = Debug|x86
		{53C469D6-6D80-49A1-B63C-363553FFFDFF}.Debug|x86.Build.0 = Debug|x86
		{53C469D6-6D80-49A1-B63C-363553FFFDFF}.Release|Any CPU.ActiveCfg = Release|x86
		{53C469D6-6D80-49A1-B63C-363553FFFDFF}.Release|Mixed Platforms.ActiveCfg = Release|x86
		{53C469D6-6D80-49A1-B63C-363553FFFDFF}.Release|Mixed Platforms.Build.0 = Release|x86
		{53C469D6-6D80-49A1-B63C-363553FFFDFF}.Release|x86.ActiveCfg = Release|x86
		{53C469D6-6D80-49A1-B63C-363553FFFDFF}.Release|x86.Build.0 = Release|x86
	EndGlobalSection
	GlobalSection(SolutionProperties) = preSolution
		HideSolutionNode = FALSE
	EndGlobalSection
EndGlobal
